{
  "requires": true,
  "lockfileVersion": 1,
  "dependencies": {
    "@angular-material-components/datetime-picker": {
      "version": "4.0.5",
      "resolved": "https://registry.npmjs.org/@angular-material-components/datetime-picker/-/datetime-picker-4.0.5.tgz",
      "integrity": "sha512-nshCZwkOzyZp8Vzbl2pab71jn622BeykW+pg7YkqG5aViUyqZfWfBzxMbl9U14j2Kr3bBuAp3b8pxuOzzcRD6Q==",
      "requires": {
        "tslib": "^2.0.0"
      }
    },
    "tslib": {
      "version": "2.0.1",
      "resolved": "https://registry.npmjs.org/tslib/-/tslib-2.0.1.tgz",
      "integrity": "sha512-SgIkNheinmEBgx1IUNirK0TUD4X9yjjBRTqqjggWCU3pUEqIk3/Uwl3yRixYKT6WjQuGiwDv4NomL3wqRCj+CQ=="
    }
  }
}
